
Microsoft Visual Studio Solution File, Format Version 12.00
# Visual Studio 15
VisualStudioVersion = 15.0.26228.9
MinimumVisualStudioVersion = 10.0.40219.1
Project("{151D2E53-A2C4-4D7D-83FE-D05416EBD58E}") = "CoreVNET", "CoreVNET\CoreVNET.deployproj", "{D53EB880-8C27-47B3-B836-B845E84F327F}"
EndProject
Global
	GlobalSection(SolutionConfigurationPlatforms) = preSolution
		Debug|Any CPU = Debug|Any CPU
		Release|Any CPU = Release|Any CPU
	EndGlobalSection
	GlobalSection(ProjectConfigurationPlatforms) = postSolution
		{D53EB880-8C27-47B3-B836-B845E84F327F}.Debug|Any CPU.ActiveCfg = Debug|Any CPU
		{D53EB880-8C27-47B3-B836-B845E84F327F}.Debug|Any CPU.Build.0 = Debug|Any CPU
		{D53EB880-8C27-47B3-B836-B845E84F327F}.Release|Any CPU.ActiveCfg = Release|Any CPU
		{D53EB880-8C27-47B3-B836-B845E84F327F}.Release|Any CPU.Build.0 = Release|Any CPU
	EndGlobalSection
	GlobalSection(SolutionProperties) = preSolution
		HideSolutionNode = FALSE
	EndGlobalSection
EndGlobal
